
Microsoft Visual Studio Solution File, Format Version 12.00
# Visual Studio Version 17
VisualStudioVersion = 17.8.34511.84
MinimumVisualStudioVersion = 10.0.40219.1
Project("{FAE04EC0-301F-11D3-BF4B-00C04F79EFBC}") = "tile mapper", "tile mapper.csproj", "{BB503E0B-8830-495B-A173-70C261582B3C}"
EndProject
Global
	GlobalSection(SolutionConfigurationPlatforms) = preSolution
		Debug|Any CPU = Debug|Any CPU
		Release|Any CPU = Release|Any CPU
	EndGlobalSection
	GlobalSection(ProjectConfigurationPlatforms) = postSolution
		{BB503E0B-8830-495B-A173-70C261582B3C}.Debug|Any CPU.ActiveCfg = Debug|Any CPU
		{BB503E0B-8830-495B-A173-70C261582B3C}.Debug|Any CPU.Build.0 = Debug|Any CPU
		{BB503E0B-8830-495B-A173-70C261582B3C}.Release|Any CPU.ActiveCfg = Release|Any CPU
		{BB503E0B-8830-495B-A173-70C261582B3C}.Release|Any CPU.Build.0 = Release|Any CPU
	EndGlobalSection
	GlobalSection(SolutionProperties) = preSolution
		HideSolutionNode = FALSE
	EndGlobalSection
	GlobalSection(ExtensibilityGlobals) = postSolution
		SolutionGuid = {EE8F1D77-DF01-4E82-BA80-97DC07A6AD95}
	EndGlobalSection
EndGlobal
